{
  "nodes": {
    "home-manager": {
      "inputs": {
        "nixpkgs": [
          "nixpkgs"
        ]
      },
      "locked": {
        "lastModified": 1634544068,
        "narHash": "sha256-RlRQBaAHfdWqfRyHdWuDPMkplBTYwuyDQqDcNbP/Sog=",
        "owner": "nix-community",
        "repo": "home-manager",
        "rev": "ff2bed9dac84fb202bbb3c49fdcfe30c29d0b12f",
        "type": "github"
      },
      "original": {
        "owner": "nix-community",
        "ref": "release-21.05",
        "repo": "home-manager",
        "type": "github"
      }
    },
    "nixpkgs": {
      "locked": {
        "lastModified": 1634551044,
        "narHash": "sha256-HOHemrQt3wA7eS5YT8n+X0OdB9+X4O08YUPTrFMBG60=",
        "owner": "NixOS",
        "repo": "nixpkgs",
        "rev": "f001876680c0e32a89bced8d02d2c61250684e17",
        "type": "github"
      },
      "original": {
        "owner": "NixOS",
        "ref": "nixos-21.05",
        "repo": "nixpkgs",
        "type": "github"
      }
    },
    "root": {
      "inputs": {
        "home-manager": "home-manager",
        "nixpkgs": "nixpkgs"
      }
    }
  },
  "root": "root",
  "version": 7
}
